{
  "name": "myPortfolio",
  "lockfileVersion": 3,
  "requires": true,
  "packages": {
    "": {
      "dependencies": {
        "@fontsource-variable/onest": "^5.0.4"
      }
    },
    "node_modules/@fontsource-variable/onest": {
      "version": "5.0.4",
      "resolved": "https://registry.npmjs.org/@fontsource-variable/onest/-/onest-5.0.4.tgz",
      "integrity": "sha512-AgdtsALwfkuLuL3dMCCX/ag27ho7yMKNIrkX5AKYKsPDm5u6mrTZ0LcO9jtMI7Z4ant7Huf9c2QtPdK3az/mow=="
    }
  }
}
